// !$*UTF8*$!
{
	archiveVersion = 1;
	classes = {
	};
	objectVersion = 50;
	objects = {

/* Begin PBXBuildFile section */
		56AA49B12469E9E100EAB35F /* AppDelegate.swift in Sources */ = {isa = PBXBuildFile; fileRef = 56AA49B02469E9E100EAB35F /* AppDelegate.swift */; };
		56AA49B32469E9E100EAB35F /* GameScene.sks in Resources */ = {isa = PBXBuildFile; fileRef = 56AA49B22469E9E100EAB35F /* GameScene.sks */; };
		56AA49B72469E9E100EAB35F /* GameScene.swift in Sources */ = {isa = PBXBuildFile; fileRef = 56AA49B62469E9E100EAB35F /* GameScene.swift */; };
		56AA49B92469E9E100EAB35F /* GameViewController.swift in Sources */ = {isa = PBXBuildFile; fileRef = 56AA49B82469E9E100EAB35F /* GameViewController.swift */; };
		56AA49BC2469E9E100EAB35F /* Main.storyboard in Resources */ = {isa = PBXBuildFile; fileRef = 56AA49BA2469E9E100EAB35F /* Main.storyboard */; };
		56AA49BE2469E9E300EAB35F /* Assets.xcassets in Resources */ = {isa = PBXBuildFile; fileRef = 56AA49BD2469E9E300EAB35F /* Assets.xcassets */; };
		56AA49C12469E9E300EAB35F /* LaunchScreen.storyboard in Resources */ = {isa = PBXBuildFile; fileRef = 56AA49BF2469E9E300EAB35F /* LaunchScreen.storyboard */; };
		56AA49C92469EB1D00EAB35F /* Starfield.sks in Resources */ = {isa = PBXBuildFile; fileRef = 56AA49C82469EB1D00EAB35F /* Starfield.sks */; };
		56AA49CC2469EF5400EAB35F /* waves.json in Resources */ = {isa = PBXBuildFile; fileRef = 56AA49CA2469EF5400EAB35F /* waves.json */; };
		56AA49CD2469EF5400EAB35F /* enemy-types.json in Resources */ = {isa = PBXBuildFile; fileRef = 56AA49CB2469EF5400EAB35F /* enemy-types.json */; };
		56AA49CF2469EFA600EAB35F /* EnemyType.swift in Sources */ = {isa = PBXBuildFile; fileRef = 56AA49CE2469EFA600EAB35F /* EnemyType.swift */; };
		56AA49D12469F02A00EAB35F /* Wave.swift in Sources */ = {isa = PBXBuildFile; fileRef = 56AA49D02469F02A00EAB35F /* Wave.swift */; };
		56AA49D32469F0C000EAB35F /* Bundle-Decoding.swift in Sources */ = {isa = PBXBuildFile; fileRef = 56AA49D22469F0C000EAB35F /* Bundle-Decoding.swift */; };
		56AA49D5246A249E00EAB35F /* EnemyNode.swift in Sources */ = {isa = PBXBuildFile; fileRef = 56AA49D4246A249E00EAB35F /* EnemyNode.swift */; };
		56AA49D7246A432F00EAB35F /* Explosion.sks in Resources */ = {isa = PBXBuildFile; fileRef = 56AA49D6246A432F00EAB35F /* Explosion.sks */; };
/* End PBXBuildFile section */

/* Begin PBXFileReference section */
		56AA49AD2469E9E100EAB35F /* SpaceShooter.app */ = {isa = PBXFileReference; explicitFileType = wrapper.application; includeInIndex = 0; path = SpaceShooter.app; sourceTree = BUILT_PRODUCTS_DIR; };
		56AA49B02469E9E100EAB35F /* AppDelegate.swift */ = {isa = PBXFileReference; lastKnownFileType = sourcecode.swift; path = AppDelegate.swift; sourceTree = "<group>"; };
		56AA49B22469E9E100EAB35F /* GameScene.sks */ = {isa = PBXFileReference; lastKnownFileType = file.sks; path = GameScene.sks; sourceTree = "<group>"; };
		56AA49B62469E9E100EAB35F /* GameScene.swift */ = {isa = PBXFileReference; lastKnownFileType = sourcecode.swift; path = GameScene.swift; sourceTree = "<group>"; };
		56AA49B82469E9E100EAB35F /* GameViewController.swift */ = {isa = PBXFileReference; lastKnownFileType = sourcecode.swift; path = GameViewController.swift; sourceTree = "<group>"; };
		56AA49BB2469E9E100EAB35F /* Base */ = {isa = PBXFileReference; lastKnownFileType = file.storyboard; name = Base; path = Base.lproj/Main.storyboard; sourceTree = "<group>"; };
		56AA49BD2469E9E300EAB35F /* Assets.xcassets */ = {isa = PBXFileReference; lastKnownFileType = folder.assetcatalog; path = Assets.xcassets; sourceTree = "<group>"; };
		56AA49C02469E9E300EAB35F /* Base */ = {isa = PBXFileReference; lastKnownFileType = file.storyboard; name = Base; path = Base.lproj/LaunchScreen.storyboard; sourceTree = "<group>"; };
		56AA49C22469E9E300EAB35F /* Info.plist */ = {isa = PBXFileReference; lastKnownFileType = text.plist.xml; path = Info.plist; sourceTree = "<group>"; };
		56AA49C82469EB1D00EAB35F /* Starfield.sks */ = {isa = PBXFileReference; lastKnownFileType = file.sks; path = Starfield.sks; sourceTree = "<group>"; };
		56AA49CA2469EF5400EAB35F /* waves.json */ = {isa = PBXFileReference; fileEncoding = 4; lastKnownFileType = text.json; path = waves.json; sourceTree = "<group>"; };
		56AA49CB2469EF5400EAB35F /* enemy-types.json */ = {isa = PBXFileReference; fileEncoding = 4; lastKnownFileType = text.json; path = "enemy-types.json"; sourceTree = "<group>"; };
		56AA49CE2469EFA600EAB35F /* EnemyType.swift */ = {isa = PBXFileReference; lastKnownFileType = sourcecode.swift; path = EnemyType.swift; sourceTree = "<group>"; };
		56AA49D02469F02A00EAB35F /* Wave.swift */ = {isa = PBXFileReference; lastKnownFileType = sourcecode.swift; path = Wave.swift; sourceTree = "<group>"; };
		56AA49D22469F0C000EAB35F /* Bundle-Decoding.swift */ = {isa = PBXFileReference; lastKnownFileType = sourcecode.swift; path = "Bundle-Decoding.swift"; sourceTree = "<group>"; };
		56AA49D4246A249E00EAB35F /* EnemyNode.swift */ = {isa = PBXFileReference; lastKnownFileType = sourcecode.swift; path = EnemyNode.swift; sourceTree = "<group>"; };
		56AA49D6246A432F00EAB35F /* Explosion.sks */ = {isa = PBXFileReference; lastKnownFileType = file.sks; path = Explosion.sks; sourceTree = "<group>"; };
/* End PBXFileReference section */

/* Begin PBXFrameworksBuildPhase section */
		56AA49AA2469E9E100EAB35F /* Frameworks */ = {
			isa = PBXFrameworksBuildPhase;
			buildActionMask = 2147483647;
			files = (
			);
			runOnlyForDeploymentPostprocessing = 0;
		};
/* End PBXFrameworksBuildPhase section */

/* Begin PBXGroup section */
		56AA49A42469E9E100EAB35F = {
			isa = PBXGroup;
			children = (
				56AA49AF2469E9E100EAB35F /* SpaceShooter */,
				56AA49AE2469E9E100EAB35F /* Products */,
			);
			sourceTree = "<group>";
		};
		56AA49AE2469E9E100EAB35F /* Products */ = {
			isa = PBXGroup;
			children = (
				56AA49AD2469E9E100EAB35F /* SpaceShooter.app */,
			);
			name = Products;
			sourceTree = "<group>";
		};
		56AA49AF2469E9E100EAB35F /* SpaceShooter */ = {
			isa = PBXGroup;
			children = (
				56AA49B02469E9E100EAB35F /* AppDelegate.swift */,
				56AA49B22469E9E100EAB35F /* GameScene.sks */,
				56AA49B62469E9E100EAB35F /* GameScene.swift */,
				56AA49D6246A432F00EAB35F /* Explosion.sks */,
				56AA49D4246A249E00EAB35F /* EnemyNode.swift */,
				56AA49B82469E9E100EAB35F /* GameViewController.swift */,
				56AA49CE2469EFA600EAB35F /* EnemyType.swift */,
				56AA49D02469F02A00EAB35F /* Wave.swift */,
				56AA49D22469F0C000EAB35F /* Bundle-Decoding.swift */,
				56AA49BA2469E9E100EAB35F /* Main.storyboard */,
				56AA49BD2469E9E300EAB35F /* Assets.xcassets */,
				56AA49C82469EB1D00EAB35F /* Starfield.sks */,
				56AA49BF2469E9E300EAB35F /* LaunchScreen.storyboard */,
				56AA49C22469E9E300EAB35F /* Info.plist */,
				56AA49CB2469EF5400EAB35F /* enemy-types.json */,
				56AA49CA2469EF5400EAB35F /* waves.json */,
			);
			path = SpaceShooter;
			sourceTree = "<group>";
		};
/* End PBXGroup section */

/* Begin PBXNativeTarget section */
		56AA49AC2469E9E100EAB35F /* SpaceShooter */ = {
			isa = PBXNativeTarget;
			buildConfigurationList = 56AA49C52469E9E300EAB35F /* Build configuration list for PBXNativeTarget "SpaceShooter" */;
			buildPhases = (
				56AA49A92469E9E100EAB35F /* Sources */,
				56AA49AA2469E9E100EAB35F /* Frameworks */,
				56AA49AB2469E9E100EAB35F /* Resources */,
			);
			buildRules = (
			);
			dependencies = (
			);
			name = SpaceShooter;
			productName = SpaceShooter;
			productReference = 56AA49AD2469E9E100EAB35F /* SpaceShooter.app */;
			productType = "com.apple.product-type.application";
		};
/* End PBXNativeTarget section */

/* Begin PBXProject section */
		56AA49A52469E9E100EAB35F /* Project object */ = {
			isa = PBXProject;
			attributes = {
				LastSwiftUpdateCheck = 1140;
				LastUpgradeCheck = 1140;
				ORGANIZATIONNAME = "Sara Medernach";
				TargetAttributes = {
					56AA49AC2469E9E100EAB35F = {
						CreatedOnToolsVersion = 11.4;
					};
				};
			};
			buildConfigurationList = 56AA49A82469E9E100EAB35F /* Build configuration list for PBXProject "SpaceShooter" */;
			compatibilityVersion = "Xcode 9.3";
			developmentRegion = en;
			hasScannedForEncodings = 0;
			knownRegions = (
				en,
				Base,
			);
			mainGroup = 56AA49A42469E9E100EAB35F;
			productRefGroup = 56AA49AE2469E9E100EAB35F /* Products */;
			projectDirPath = "";
			projectRoot = "";
			targets = (
				56AA49AC2469E9E100EAB35F /* SpaceShooter */,
			);
		};
/* End PBXProject section */

/* Begin PBXResourcesBuildPhase section */
		56AA49AB2469E9E100EAB35F /* Resources */ = {
			isa = PBXResourcesBuildPhase;
			buildActionMask = 2147483647;
			files = (
				56AA49BC2469E9E100EAB35F /* Main.storyboard in Resources */,
				56AA49CD2469EF5400EAB35F /* enemy-types.json in Resources */,
				56AA49B32469E9E100EAB35F /* GameScene.sks in Resources */,
				56AA49C92469EB1D00EAB35F /* Starfield.sks in Resources */,
				56AA49BE2469E9E300EAB35F /* Assets.xcassets in Resources */,
				56AA49D7246A432F00EAB35F /* Explosion.sks in Resources */,
				56AA49CC2469EF5400EAB35F /* waves.json in Resources */,
				56AA49C12469E9E300EAB35F /* LaunchScreen.storyboard in Resources */,
			);
			runOnlyForDeploymentPostprocessing = 0;
		};
/* End PBXResourcesBuildPhase section */

/* Begin PBXSourcesBuildPhase section */
		56AA49A92469E9E100EAB35F /* Sources */ = {
			isa = PBXSourcesBuildPhase;
			buildActionMask = 2147483647;
			files = (
				56AA49D32469F0C000EAB35F /* Bundle-Decoding.swift in Sources */,
				56AA49D5246A249E00EAB35F /* EnemyNode.swift in Sources */,
				56AA49B72469E9E100EAB35F /* GameScene.swift in Sources */,
				56AA49D12469F02A00EAB35F /* Wave.swift in Sources */,
				56AA49B92469E9E100EAB35F /* GameViewController.swift in Sources */,
				56AA49CF2469EFA600EAB35F /* EnemyType.swift in Sources */,
				56AA49B12469E9E100EAB35F /* AppDelegate.swift in Sources */,
			);
			runOnlyForDeploymentPostprocessing = 0;
		};
/* End PBXSourcesBuildPhase section */

/* Begin PBXVariantGroup section */
		56AA49BA2469E9E100EAB35F /* Main.storyboard */ = {
			isa = PBXVariantGroup;
			children = (
				56AA49BB2469E9E100EAB35F /* Base */,
			);
			name = Main.storyboard;
			sourceTree = "<group>";
		};
		56AA49BF2469E9E300EAB35F /* LaunchScreen.storyboard */ = {
			isa = PBXVariantGroup;
			children = (
				56AA49C02469E9E300EAB35F /* Base */,
			);
			name = LaunchScreen.storyboard;
			sourceTree = "<group>";
		};
/* End PBXVariantGroup section */

/* Begin XCBuildConfiguration section */
		56AA49C32469E9E300EAB35F /* Debug */ = {
			isa = XCBuildConfiguration;
			buildSettings = {
				ALWAYS_SEARCH_USER_PATHS = NO;
				CLANG_ANALYZER_NONNULL = YES;
				CLANG_ANALYZER_NUMBER_OBJECT_CONVERSION = YES_AGGRESSIVE;
				CLANG_CXX_LANGUAGE_STANDARD = "gnu++14";
				CLANG_CXX_LIBRARY = "libc++";
				CLANG_ENABLE_MODULES = YES;
				CLANG_ENABLE_OBJC_ARC = YES;
				CLANG_ENABLE_OBJC_WEAK = YES;
				CLANG_WARN_BLOCK_CAPTURE_AUTORELEASING = YES;
				CLANG_WARN_BOOL_CONVERSION = YES;
				CLANG_WARN_COMMA = YES;
				CLANG_WARN_CONSTANT_CONVERSION = YES;
				CLANG_WARN_DEPRECATED_OBJC_IMPLEMENTATIONS = YES;
				CLANG_WARN_DIRECT_OBJC_ISA_USAGE = YES_ERROR;
				CLANG_WARN_DOCUMENTATION_COMMENTS = YES;
				CLANG_WARN_EMPTY_BODY = YES;
				CLANG_WARN_ENUM_CONVERSION = YES;
				CLANG_WARN_INFINITE_RECURSION = YES;
				CLANG_WARN_INT_CONVERSION = YES;
				CLANG_WARN_NON_LITERAL_NULL_CONVERSION = YES;
				CLANG_WARN_OBJC_IMPLICIT_RETAIN_SELF = YES;
				CLANG_WARN_OBJC_LITERAL_CONVERSION = YES;
				CLANG_WARN_OBJC_ROOT_CLASS = YES_ERROR;
				CLANG_WARN_RANGE_LOOP_ANALYSIS = YES;
				CLANG_WARN_STRICT_PROTOTYPES = YES;
				CLANG_WARN_SUSPICIOUS_MOVE = YES;
				CLANG_WARN_UNGUARDED_AVAILABILITY = YES_AGGRESSIVE;
				CLANG_WARN_UNREACHABLE_CODE = YES;
				CLANG_WARN__DUPLICATE_METHOD_MATCH = YES;
				COPY_PHASE_STRIP = NO;
				DEBUG_INFORMATION_FORMAT = dwarf;
				ENABLE_STRICT_OBJC_MSGSEND = YES;
				ENABLE_TESTABILITY = YES;
				GCC_C_LANGUAGE_STANDARD = gnu11;
				GCC_DYNAMIC_NO_PIC = NO;
				GCC_NO_COMMON_BLOCKS = YES;
				GCC_OPTIMIZATION_LEVEL = 0;
				GCC_PREPROCESSOR_DEFINITIONS = (
					"DEBUG=1",
					"$(inherited)",
				);
				GCC_WARN_64_TO_32_BIT_CONVERSION = YES;
				GCC_WARN_ABOUT_RETURN_TYPE = YES_ERROR;
				GCC_WARN_UNDECLARED_SELECTOR = YES;
				GCC_WARN_UNINITIALIZED_AUTOS = YES_AGGRESSIVE;
				GCC_WARN_UNUSED_FUNCTION = YES;
				GCC_WARN_UNUSED_VARIABLE = YES;
				IPHONEOS_DEPLOYMENT_TARGET = 13.4;
				MTL_ENABLE_DEBUG_INFO = INCLUDE_SOURCE;
				MTL_FAST_MATH = YES;
				ONLY_ACTIVE_ARCH = YES;
				SDKROOT = iphoneos;
				SWIFT_ACTIVE_COMPILATION_CONDITIONS = DEBUG;
				SWIFT_OPTIMIZATION_LEVEL = "-Onone";
			};
			name = Debug;
		};
		56AA49C42469E9E300EAB35F /* Release */ = {
			isa = XCBuildConfiguration;
			buildSettings = {
				ALWAYS_SEARCH_USER_PATHS = NO;
				CLANG_ANALYZER_NONNULL = YES;
				CLANG_ANALYZER_NUMBER_OBJECT_CONVERSION = YES_AGGRESSIVE;
				CLANG_CXX_LANGUAGE_STANDARD = "gnu++14";
				CLANG_CXX_LIBRARY = "libc++";
				CLANG_ENABLE_MODULES = YES;
				CLANG_ENABLE_OBJC_ARC = YES;
				CLANG_ENABLE_OBJC_WEAK = YES;
				CLANG_WARN_BLOCK_CAPTURE_AUTORELEASING = YES;
				CLANG_WARN_BOOL_CONVERSION = YES;
				CLANG_WARN_COMMA = YES;
				CLANG_WARN_CONSTANT_CONVERSION = YES;
				CLANG_WARN_DEPRECATED_OBJC_IMPLEMENTATIONS = YES;
				CLANG_WARN_DIRECT_OBJC_ISA_USAGE = YES_ERROR;
				CLANG_WARN_DOCUMENTATION_COMMENTS = YES;
				CLANG_WARN_EMPTY_BODY = YES;
				CLANG_WARN_ENUM_CONVERSION = YES;
				CLANG_WARN_INFINITE_RECURSION = YES;
				CLANG_WARN_INT_CONVERSION = YES;
				CLANG_WARN_NON_LITERAL_NULL_CONVERSION = YES;
				CLANG_WARN_OBJC_IMPLICIT_RETAIN_SELF = YES;
				CLANG_WARN_OBJC_LITERAL_CONVERSION = YES;
				CLANG_WARN_OBJC_ROOT_CLASS = YES_ERROR;
				CLANG_WARN_RANGE_LOOP_ANALYSIS = YES;
				CLANG_WARN_STRICT_PROTOTYPES = YES;
				CLANG_WARN_SUSPICIOUS_MOVE = YES;
				CLANG_WARN_UNGUARDED_AVAILABILITY = YES_AGGRESSIVE;
				CLANG_WARN_UNREACHABLE_CODE = YES;
				CLANG_WARN__DUPLICATE_METHOD_MATCH = YES;
				COPY_PHASE_STRIP = NO;
				DEBUG_INFORMATION_FORMAT = "dwarf-with-dsym";
				ENABLE_NS_ASSERTIONS = NO;
				ENABLE_STRICT_OBJC_MSGSEND = YES;
				GCC_C_LANGUAGE_STANDARD = gnu11;
				GCC_NO_COMMON_BLOCKS = YES;
				GCC_WARN_64_TO_32_BIT_CONVERSION = YES;
				GCC_WARN_ABOUT_RETURN_TYPE = YES_ERROR;
				GCC_WARN_UNDECLARED_SELECTOR = YES;
				GCC_WARN_UNINITIALIZED_AUTOS = YES_AGGRESSIVE;
				GCC_WARN_UNUSED_FUNCTION = YES;
				GCC_WARN_UNUSED_VARIABLE = YES;
				IPHONEOS_DEPLOYMENT_TARGET = 13.4;
				MTL_ENABLE_DEBUG_INFO = NO;
				MTL_FAST_MATH = YES;
				SDKROOT = iphoneos;
				SWIFT_COMPILATION_MODE = wholemodule;
				SWIFT_OPTIMIZATION_LEVEL = "-O";
				VALIDATE_PRODUCT = YES;
			};
			name = Release;
		};
		56AA49C62469E9E300EAB35F /* Debug */ = {
			isa = XCBuildConfiguration;
			buildSettings = {
				ASSETCATALOG_COMPILER_APPICON_NAME = AppIcon;
				CODE_SIGN_STYLE = Automatic;
				INFOPLIST_FILE = SpaceShooter/Info.plist;
				IPHONEOS_DEPLOYMENT_TARGET = 13.4;
				LD_RUNPATH_SEARCH_PATHS = (
					"$(inherited)",
					"@executable_path/Frameworks",
				);
				PRODUCT_BUNDLE_IDENTIFIER = com.medernach.SpaceShooter;
				PRODUCT_NAME = "$(TARGET_NAME)";
				SWIFT_VERSION = 5.0;
				TARGETED_DEVICE_FAMILY = 2;
			};
			name = Debug;
		};
		56AA49C72469E9E300EAB35F /* Release */ = {
			isa = XCBuildConfiguration;
			buildSettings = {
				ASSETCATALOG_COMPILER_APPICON_NAME = AppIcon;
				CODE_SIGN_STYLE = Automatic;
				INFOPLIST_FILE = SpaceShooter/Info.plist;
				IPHONEOS_DEPLOYMENT_TARGET = 13.4;
				LD_RUNPATH_SEARCH_PATHS = (
					"$(inherited)",
					"@executable_path/Frameworks",
				);
				PRODUCT_BUNDLE_IDENTIFIER = com.medernach.SpaceShooter;
				PRODUCT_NAME = "$(TARGET_NAME)";
				SWIFT_VERSION = 5.0;
				TARGETED_DEVICE_FAMILY = 2;
			};
			name = Release;
		};
/* End XCBuildConfiguration section */

/* Begin XCConfigurationList section */
		56AA49A82469E9E100EAB35F /* Build configuration list for PBXProject "SpaceShooter" */ = {
			isa = XCConfigurationList;
			buildConfigurations = (
				56AA49C32469E9E300EAB35F /* Debug */,
				56AA49C42469E9E300EAB35F /* Release */,
			);
			defaultConfigurationIsVisible = 0;
			defaultConfigurationName = Release;
		};
		56AA49C52469E9E300EAB35F /* Build configuration list for PBXNativeTarget "SpaceShooter" */ = {
			isa = XCConfigurationList;
			buildConfigurations = (
				56AA49C62469E9E300EAB35F /* Debug */,
				56AA49C72469E9E300EAB35F /* Release */,
			);
			defaultConfigurationIsVisible = 0;
			defaultConfigurationName = Release;
		};
/* End XCConfigurationList section */
	};
	rootObject = 56AA49A52469E9E100EAB35F /* Project object */;
}
